Microsoft Visual Studio Solution File, Format Version 12.00
# Visual Studio Version 17
VisualStudioVersion = 17.4.33103.184
MinimumVisualStudioVersion = 10.0.40219.1
Project("{9A19103F-16F7-4668-BE54-9A1E7A4F7556}") = "PaintNetGrid", "PaintNetGrid\PaintNetGrid.csproj", "{FED8491A-92C4-4786-B502-1B84CA7718E8}"
EndProject
Project("{FAE04EC0-301F-11D3-BF4B-00C04F79EFBC}") = "PaintNetGrid.Sprites", "PaintNetGrid.Sprites\PaintNetGrid.Sprites.csproj", "{BB81AC3C-ADB3-4DC4-9C17-1BD219CCCCC9}"
EndProject
Global
	GlobalSection(SolutionConfigurationPlatforms) = preSolution
		Debug|Any CPU = Debug|Any CPU
		Release|Any CPU = Release|Any CPU
	EndGlobalSection
	GlobalSection(ProjectConfigurationPlatforms) = postSolution
		{FED8491A-92C4-4786-B502-1B84CA7718E8}.Debug|Any CPU.ActiveCfg = Debug|Any CPU
		{FED8491A-92C4-4786-B502-1B84CA7718E8}.Debug|Any CPU.Build.0 = Debug|Any CPU
		{FED8491A-92C4-4786-B502-1B84CA7718E8}.Release|Any CPU.ActiveCfg = Release|Any CPU
		{FED8491A-92C4-4786-B502-1B84CA7718E8}.Release|Any CPU.Build.0 = Release|Any CPU
		{BB81AC3C-ADB3-4DC4-9C17-1BD219CCCCC9}.Debug|Any CPU.ActiveCfg = Debug|Any CPU
		{BB81AC3C-ADB3-4DC4-9C17-1BD219CCCCC9}.Debug|Any CPU.Build.0 = Debug|Any CPU
		{BB81AC3C-ADB3-4DC4-9C17-1BD219CCCCC9}.Release|Any CPU.ActiveCfg = Release|Any CPU
		{BB81AC3C-ADB3-4DC4-9C17-1BD219CCCCC9}.Release|Any CPU.Build.0 = Release|Any CPU
	EndGlobalSection
	GlobalSection(SolutionProperties) = preSolution
		HideSolutionNode = FALSE
	EndGlobalSection
	GlobalSection(ExtensibilityGlobals) = postSolution
		SolutionGuid = {674a39d4-bd1b-4eef-9cfc-cbe785331dab}
	EndGlobalSection
EndGlobal
